<?xml version="1.0" encoding="UTF-8" standalone="yes" ?>
<CodeBlocks_project_file>
	<FileVersion major="1" minor="6" />
	<Project>
		<Option title="LinkPropagation" />
		<Option pch_mode="2" />
		<Option compiler="gcc" />
		<Build>
			<Target title="Debug">
				<Option output="bin/Debug/LinkPropagation" prefix_auto="1" extension_auto="1" />
				<Option object_output="obj/Debug/" />
				<Option type="1" />
				<Option compiler="gcc" />
				<Compiler>
					<Add option="-g" />
				</Compiler>
			</Target>
			<Target title="Release">
				<Option output="bin/Release/LinkPropagation" prefix_auto="1" extension_auto="1" />
				<Option object_output="obj/Release/" />
				<Option type="1" />
				<Option compiler="gcc" />
				<Compiler>
					<Add option="-O2" />
				</Compiler>
				<Linker>
					<Add option="-s" />
				</Linker>
			</Target>
		</Build>
		<Compiler>
			<Add option="-Wall" />
			<Add option="-fexceptions" />
		</Compiler>
		<Unit filename="CompareToOCG.h" />
		<Unit filename="EvolutionFunction.cpp" />
		<Unit filename="EvolutionFunction.h" />
		<Unit filename="LabelPropagation.cpp" />
		<Unit filename="LabelPropagation.h" />
		<Unit filename="WeightGraph.cpp" />
		<Unit filename="WeightGraph.h" />
		<Unit filename="linkSimilarity.h" />
		<Unit filename="loadingGraph.cpp" />
		<Unit filename="loadingGraph.h" />
		<Unit filename="main.cpp" />
		<Unit filename="pajek.h" />
		<Extensions>
			<code_completion />
			<envvars />
			<debugger />
			<lib_finder disable_auto="1" />
		</Extensions>
	</Project>
</CodeBlocks_project_file>
